schema: '2.0'
stages:
  preprocessing:
    cmd: python src/preprocessing.py
    deps:
    - path: data/raw/Churn Prediction DataSet.csv
      hash: md5
      md5: 0f9de68e012bd3aed5fa7cdc9fc421af
      size: 977501
    - path: src/preprocessing.py
      hash: md5
      md5: b20fcb8a09276fd068ac0482cbc35776
      size: 1899
    outs:
    - path: data/processed/X_test.csv
      hash: md5
      md5: a0a3648b0a326bce8a03697b44193676
      size: 295626
    - path: data/processed/X_train.csv
      hash: md5
      md5: 822b7e80c4a7d3f25e11fc84156a5b24
      size: 1179429
    - path: data/processed/y_test.csv
      hash: md5
      md5: e958151f165f7f472b725188c9e97a20
      size: 4234
    - path: data/processed/y_train.csv
      hash: md5
      md5: f597c5156799e0428077438ebc926949
      size: 16909
  training:
    cmd: python src/train.py
    deps:
    - path: data/processed/X_train.csv
      hash: md5
      md5: 39f50b9f68cc480934595f4f8e4f78d6
      size: 1173794
    - path: data/processed/y_train.csv
      hash: md5
      md5: c9b61327d9c9b8b3d1a988e0ba0d7f3d
      size: 11274
    - path: src/train.py
      hash: md5
      md5: 9847d10a7ff0134d921133aa39236af2
      size: 2974
    outs:
    - path: models/best_model.pkl
      hash: md5
      md5: d0c816ae2be54ba1b05ea65f54483d9e
      size: 2079
  evaluation:
    cmd: python src/evaluate.py
    deps:
    - path: data/processed/X_test.csv
      hash: md5
      md5: 412092b142b18dd6ad1007e1dd114e3e
      size: 294216
    - path: models/best_model.pkl
      hash: md5
      md5: d0c816ae2be54ba1b05ea65f54483d9e
      size: 2079
    - path: src/evaluate.py
      hash: md5
      md5: a99f8d9ffba7308e0b7fb8e98c241082
      size: 1271
    outs:
    - path: confusion_matrix.png
      hash: md5
      md5: 8a5a446e355e349d6e717463047644e7
      size: 22835
    - path: roc_curve.png
      hash: md5
      md5: c4df30f218387dec749536132e9caafc
      size: 15780
